
Microsoft Visual Studio Solution File, Format Version 12.00
# Visual Studio Version 16
VisualStudioVersion = 16.0.32106.194
MinimumVisualStudioVersion = 10.0.40219.1
Project("{FAE04EC0-301F-11D3-BF4B-00C04F79EFBC}") = "Functions", "Functions\Functions.csproj", "{A4860924-FDE5-4E07-85C8-E05B962CF3AA}"
EndProject
Project("{FAE04EC0-301F-11D3-BF4B-00C04F79EFBC}") = "UserNameDate", "UserNameDate\UserNameDate.csproj", "{02784E0F-7386-42B7-8296-FCB30D514D70}"
EndProject
Project("{FAE04EC0-301F-11D3-BF4B-00C04F79EFBC}") = "UserNameDataTask", "UserNameDataTask\UserNameDataTask.csproj", "{40DA7E17-31A4-4639-8213-136781CA182D}"
EndProject
Global
	GlobalSection(SolutionConfigurationPlatforms) = preSolution
		Debug|Any CPU = Debug|Any CPU
		Release|Any CPU = Release|Any CPU
	EndGlobalSection
	GlobalSection(ProjectConfigurationPlatforms) = postSolution
		{A4860924-FDE5-4E07-85C8-E05B962CF3AA}.Debug|Any CPU.ActiveCfg = Debug|Any CPU
		{A4860924-FDE5-4E07-85C8-E05B962CF3AA}.Debug|Any CPU.Build.0 = Debug|Any CPU
		{A4860924-FDE5-4E07-85C8-E05B962CF3AA}.Release|Any CPU.ActiveCfg = Release|Any CPU
		{A4860924-FDE5-4E07-85C8-E05B962CF3AA}.Release|Any CPU.Build.0 = Release|Any CPU
		{02784E0F-7386-42B7-8296-FCB30D514D70}.Debug|Any CPU.ActiveCfg = Debug|Any CPU
		{02784E0F-7386-42B7-8296-FCB30D514D70}.Debug|Any CPU.Build.0 = Debug|Any CPU
		{02784E0F-7386-42B7-8296-FCB30D514D70}.Release|Any CPU.ActiveCfg = Release|Any CPU
		{02784E0F-7386-42B7-8296-FCB30D514D70}.Release|Any CPU.Build.0 = Release|Any CPU
		{40DA7E17-31A4-4639-8213-136781CA182D}.Debug|Any CPU.ActiveCfg = Debug|Any CPU
		{40DA7E17-31A4-4639-8213-136781CA182D}.Debug|Any CPU.Build.0 = Debug|Any CPU
		{40DA7E17-31A4-4639-8213-136781CA182D}.Release|Any CPU.ActiveCfg = Release|Any CPU
		{40DA7E17-31A4-4639-8213-136781CA182D}.Release|Any CPU.Build.0 = Release|Any CPU
	EndGlobalSection
	GlobalSection(SolutionProperties) = preSolution
		HideSolutionNode = FALSE
	EndGlobalSection
	GlobalSection(ExtensibilityGlobals) = postSolution
		SolutionGuid = {367083E8-23AC-409B-9B30-87FA4D8F8A77}
	EndGlobalSection
EndGlobal
